// !$*UTF8*$!
{
	archiveVersion = 1;
	classes = {
	};
	objectVersion = 50;
	objects = {

/* Begin PBXBuildFile section */
		950E7A862724161200D5012D /* BleUUIDs.swift in Sources */ = {isa = PBXBuildFile; fileRef = 950E7A852724161200D5012D /* BleUUIDs.swift */; };
		950E7A88272416EA00D5012D /* BleManager.swift in Sources */ = {isa = PBXBuildFile; fileRef = 950E7A87272416EA00D5012D /* BleManager.swift */; };
		950E7A8A2724185D00D5012D /* BlePeripheral.swift in Sources */ = {isa = PBXBuildFile; fileRef = 950E7A892724185D00D5012D /* BlePeripheral.swift */; };
		9560D7C32723320B006B4FF4 /* DeviceInfoView.swift in Sources */ = {isa = PBXBuildFile; fileRef = 9560D7C22723320B006B4FF4 /* DeviceInfoView.swift */; };
		9560D7C527233223006B4FF4 /* DeviceInfoModel.swift in Sources */ = {isa = PBXBuildFile; fileRef = 9560D7C427233223006B4FF4 /* DeviceInfoModel.swift */; };
		9560D7C72723323B006B4FF4 /* DeviceVM.swift in Sources */ = {isa = PBXBuildFile; fileRef = 9560D7C62723323B006B4FF4 /* DeviceVM.swift */; };
		D9015DBF271E2A58004986C3 /* watchApp.swift in Sources */ = {isa = PBXBuildFile; fileRef = D9015DBE271E2A58004986C3 /* watchApp.swift */; };
		D9015DC1271E2A58004986C3 /* ContentView.swift in Sources */ = {isa = PBXBuildFile; fileRef = D9015DC0271E2A58004986C3 /* ContentView.swift */; };
		D9015DC3271E2A5B004986C3 /* Assets.xcassets in Resources */ = {isa = PBXBuildFile; fileRef = D9015DC2271E2A5B004986C3 /* Assets.xcassets */; };
		D9015DC6271E2A5B004986C3 /* Preview Assets.xcassets in Resources */ = {isa = PBXBuildFile; fileRef = D9015DC5271E2A5B004986C3 /* Preview Assets.xcassets */; };
		D9015DD1271E2A5B004986C3 /* watchTests.swift in Sources */ = {isa = PBXBuildFile; fileRef = D9015DD0271E2A5B004986C3 /* watchTests.swift */; };
		D9015DDC271E2A5B004986C3 /* watchUITests.swift in Sources */ = {isa = PBXBuildFile; fileRef = D9015DDB271E2A5B004986C3 /* watchUITests.swift */; };
		D96927F9272177CB00E353B9 /* DeviceTabView.swift in Sources */ = {isa = PBXBuildFile; fileRef = D96927F8272177CB00E353B9 /* DeviceTabView.swift */; };
		D96927FB272177F300E353B9 /* SettingsTabView.swift in Sources */ = {isa = PBXBuildFile; fileRef = D96927FA272177F300E353B9 /* SettingsTabView.swift */; };
/* End PBXBuildFile section */

/* Begin PBXContainerItemProxy section */
		D9015DCD271E2A5B004986C3 /* PBXContainerItemProxy */ = {
			isa = PBXContainerItemProxy;
			containerPortal = D9015DB3271E2A58004986C3 /* Project object */;
			proxyType = 1;
			remoteGlobalIDString = D9015DBA271E2A58004986C3;
			remoteInfo = watch;
		};
		D9015DD8271E2A5B004986C3 /* PBXContainerItemProxy */ = {
			isa = PBXContainerItemProxy;
			containerPortal = D9015DB3271E2A58004986C3 /* Project object */;
			proxyType = 1;
			remoteGlobalIDString = D9015DBA271E2A58004986C3;
			remoteInfo = watch;
		};
/* End PBXContainerItemProxy section */

/* Begin PBXFileReference section */
		950E7A852724161200D5012D /* BleUUIDs.swift */ = {isa = PBXFileReference; lastKnownFileType = sourcecode.swift; path = BleUUIDs.swift; sourceTree = "<group>"; };
		950E7A87272416EA00D5012D /* BleManager.swift */ = {isa = PBXFileReference; lastKnownFileType = sourcecode.swift; path = BleManager.swift; sourceTree = "<group>"; };
		950E7A892724185D00D5012D /* BlePeripheral.swift */ = {isa = PBXFileReference; lastKnownFileType = sourcecode.swift; path = BlePeripheral.swift; sourceTree = "<group>"; };
		9560D7C22723320B006B4FF4 /* DeviceInfoView.swift */ = {isa = PBXFileReference; lastKnownFileType = sourcecode.swift; path = DeviceInfoView.swift; sourceTree = "<group>"; };
		9560D7C427233223006B4FF4 /* DeviceInfoModel.swift */ = {isa = PBXFileReference; lastKnownFileType = sourcecode.swift; path = DeviceInfoModel.swift; sourceTree = "<group>"; };
		9560D7C62723323B006B4FF4 /* DeviceVM.swift */ = {isa = PBXFileReference; lastKnownFileType = sourcecode.swift; path = DeviceVM.swift; sourceTree = "<group>"; };
		D9015DBB271E2A58004986C3 /* watch.app */ = {isa = PBXFileReference; explicitFileType = wrapper.application; includeInIndex = 0; path = watch.app; sourceTree = BUILT_PRODUCTS_DIR; };
		D9015DBE271E2A58004986C3 /* watchApp.swift */ = {isa = PBXFileReference; lastKnownFileType = sourcecode.swift; path = watchApp.swift; sourceTree = "<group>"; };
		D9015DC0271E2A58004986C3 /* ContentView.swift */ = {isa = PBXFileReference; lastKnownFileType = sourcecode.swift; path = ContentView.swift; sourceTree = "<group>"; };
		D9015DC2271E2A5B004986C3 /* Assets.xcassets */ = {isa = PBXFileReference; lastKnownFileType = folder.assetcatalog; path = Assets.xcassets; sourceTree = "<group>"; };
		D9015DC5271E2A5B004986C3 /* Preview Assets.xcassets */ = {isa = PBXFileReference; lastKnownFileType = folder.assetcatalog; path = "Preview Assets.xcassets"; sourceTree = "<group>"; };
		D9015DC7271E2A5B004986C3 /* Info.plist */ = {isa = PBXFileReference; lastKnownFileType = text.plist.xml; path = Info.plist; sourceTree = "<group>"; };
		D9015DCC271E2A5B004986C3 /* watchTests.xctest */ = {isa = PBXFileReference; explicitFileType = wrapper.cfbundle; includeInIndex = 0; path = watchTests.xctest; sourceTree = BUILT_PRODUCTS_DIR; };
		D9015DD0271E2A5B004986C3 /* watchTests.swift */ = {isa = PBXFileReference; lastKnownFileType = sourcecode.swift; path = watchTests.swift; sourceTree = "<group>"; };
		D9015DD2271E2A5B004986C3 /* Info.plist */ = {isa = PBXFileReference; lastKnownFileType = text.plist.xml; path = Info.plist; sourceTree = "<group>"; };
		D9015DD7271E2A5B004986C3 /* watchUITests.xctest */ = {isa = PBXFileReference; explicitFileType = wrapper.cfbundle; includeInIndex = 0; path = watchUITests.xctest; sourceTree = BUILT_PRODUCTS_DIR; };
		D9015DDB271E2A5B004986C3 /* watchUITests.swift */ = {isa = PBXFileReference; lastKnownFileType = sourcecode.swift; path = watchUITests.swift; sourceTree = "<group>"; };
		D9015DDD271E2A5B004986C3 /* Info.plist */ = {isa = PBXFileReference; lastKnownFileType = text.plist.xml; path = Info.plist; sourceTree = "<group>"; };
		D96927F8272177CB00E353B9 /* DeviceTabView.swift */ = {isa = PBXFileReference; lastKnownFileType = sourcecode.swift; path = DeviceTabView.swift; sourceTree = "<group>"; };
		D96927FA272177F300E353B9 /* SettingsTabView.swift */ = {isa = PBXFileReference; lastKnownFileType = sourcecode.swift; path = SettingsTabView.swift; sourceTree = "<group>"; };
/* End PBXFileReference section */

/* Begin PBXFrameworksBuildPhase section */
		D9015DB8271E2A58004986C3 /* Frameworks */ = {
			isa = PBXFrameworksBuildPhase;
			buildActionMask = 2147483647;
			files = (
			);
			runOnlyForDeploymentPostprocessing = 0;
		};
		D9015DC9271E2A5B004986C3 /* Frameworks */ = {
			isa = PBXFrameworksBuildPhase;
			buildActionMask = 2147483647;
			files = (
			);
			runOnlyForDeploymentPostprocessing = 0;
		};
		D9015DD4271E2A5B004986C3 /* Frameworks */ = {
			isa = PBXFrameworksBuildPhase;
			buildActionMask = 2147483647;
			files = (
			);
			runOnlyForDeploymentPostprocessing = 0;
		};
/* End PBXFrameworksBuildPhase section */

/* Begin PBXGroup section */
		951EFB362721CBB70098932D /* ViewModels */ = {
			isa = PBXGroup;
			children = (
				9560D7C62723323B006B4FF4 /* DeviceVM.swift */,
			);
			path = ViewModels;
			sourceTree = "<group>";
		};
		951EFB392721D9310098932D /* Models */ = {
			isa = PBXGroup;
			children = (
				9560D7C427233223006B4FF4 /* DeviceInfoModel.swift */,
				950E7A852724161200D5012D /* BleUUIDs.swift */,
				950E7A892724185D00D5012D /* BlePeripheral.swift */,
			);
			path = Models;
			sourceTree = "<group>";
		};
		D9015DB2271E2A58004986C3 = {
			isa = PBXGroup;
			children = (
				D9015DBD271E2A58004986C3 /* watch */,
				D9015DCF271E2A5B004986C3 /* watchTests */,
				D9015DDA271E2A5B004986C3 /* watchUITests */,
				D9015DBC271E2A58004986C3 /* Products */,
			);
			sourceTree = "<group>";
		};
		D9015DBC271E2A58004986C3 /* Products */ = {
			isa = PBXGroup;
			children = (
				D9015DBB271E2A58004986C3 /* watch.app */,
				D9015DCC271E2A5B004986C3 /* watchTests.xctest */,
				D9015DD7271E2A5B004986C3 /* watchUITests.xctest */,
			);
			name = Products;
			sourceTree = "<group>";
		};
		D9015DBD271E2A58004986C3 /* watch */ = {
			isa = PBXGroup;
			children = (
				951EFB392721D9310098932D /* Models */,
				951EFB362721CBB70098932D /* ViewModels */,
				D96927F72721779000E353B9 /* Views */,
				D9015DBE271E2A58004986C3 /* watchApp.swift */,
				D9015DC2271E2A5B004986C3 /* Assets.xcassets */,
				D9015DC7271E2A5B004986C3 /* Info.plist */,
				D9015DC4271E2A5B004986C3 /* Preview Content */,
				950E7A87272416EA00D5012D /* BleManager.swift */,
			);
			path = watch;
			sourceTree = "<group>";
		};
		D9015DC4271E2A5B004986C3 /* Preview Content */ = {
			isa = PBXGroup;
			children = (
				D9015DC5271E2A5B004986C3 /* Preview Assets.xcassets */,
			);
			path = "Preview Content";
			sourceTree = "<group>";
		};
		D9015DCF271E2A5B004986C3 /* watchTests */ = {
			isa = PBXGroup;
			children = (
				D9015DD0271E2A5B004986C3 /* watchTests.swift */,
				D9015DD2271E2A5B004986C3 /* Info.plist */,
			);
			path = watchTests;
			sourceTree = "<group>";
		};
		D9015DDA271E2A5B004986C3 /* watchUITests */ = {
			isa = PBXGroup;
			children = (
				D9015DDB271E2A5B004986C3 /* watchUITests.swift */,
				D9015DDD271E2A5B004986C3 /* Info.plist */,
			);
			path = watchUITests;
			sourceTree = "<group>";
		};
		D96927F72721779000E353B9 /* Views */ = {
			isa = PBXGroup;
			children = (
				D9015DC0271E2A58004986C3 /* ContentView.swift */,
				D96927F8272177CB00E353B9 /* DeviceTabView.swift */,
				D96927FA272177F300E353B9 /* SettingsTabView.swift */,
				9560D7C22723320B006B4FF4 /* DeviceInfoView.swift */,
			);
			path = Views;
			sourceTree = "<group>";
		};
/* End PBXGroup section */

/* Begin PBXNativeTarget section */
		D9015DBA271E2A58004986C3 /* watch */ = {
			isa = PBXNativeTarget;
			buildConfigurationList = D9015DE0271E2A5B004986C3 /* Build configuration list for PBXNativeTarget "watch" */;
			buildPhases = (
				D9015DB7271E2A58004986C3 /* Sources */,
				D9015DB8271E2A58004986C3 /* Frameworks */,
				D9015DB9271E2A58004986C3 /* Resources */,
			);
			buildRules = (
			);
			dependencies = (
			);
			name = watch;
			productName = watch;
			productReference = D9015DBB271E2A58004986C3 /* watch.app */;
			productType = "com.apple.product-type.application";
		};
		D9015DCB271E2A5B004986C3 /* watchTests */ = {
			isa = PBXNativeTarget;
			buildConfigurationList = D9015DE3271E2A5B004986C3 /* Build configuration list for PBXNativeTarget "watchTests" */;
			buildPhases = (
				D9015DC8271E2A5B004986C3 /* Sources */,
				D9015DC9271E2A5B004986C3 /* Frameworks */,
				D9015DCA271E2A5B004986C3 /* Resources */,
			);
			buildRules = (
			);
			dependencies = (
				D9015DCE271E2A5B004986C3 /* PBXTargetDependency */,
			);
			name = watchTests;
			productName = watchTests;
			productReference = D9015DCC271E2A5B004986C3 /* watchTests.xctest */;
			productType = "com.apple.product-type.bundle.unit-test";
		};
		D9015DD6271E2A5B004986C3 /* watchUITests */ = {
			isa = PBXNativeTarget;
			buildConfigurationList = D9015DE6271E2A5B004986C3 /* Build configuration list for PBXNativeTarget "watchUITests" */;
			buildPhases = (
				D9015DD3271E2A5B004986C3 /* Sources */,
				D9015DD4271E2A5B004986C3 /* Frameworks */,
				D9015DD5271E2A5B004986C3 /* Resources */,
			);
			buildRules = (
			);
			dependencies = (
				D9015DD9271E2A5B004986C3 /* PBXTargetDependency */,
			);
			name = watchUITests;
			productName = watchUITests;
			productReference = D9015DD7271E2A5B004986C3 /* watchUITests.xctest */;
			productType = "com.apple.product-type.bundle.ui-testing";
		};
/* End PBXNativeTarget section */

/* Begin PBXProject section */
		D9015DB3271E2A58004986C3 /* Project object */ = {
			isa = PBXProject;
			attributes = {
				LastSwiftUpdateCheck = 1250;
				LastUpgradeCheck = 1250;
				TargetAttributes = {
					D9015DBA271E2A58004986C3 = {
						CreatedOnToolsVersion = 12.5;
					};
					D9015DCB271E2A5B004986C3 = {
						CreatedOnToolsVersion = 12.5;
						TestTargetID = D9015DBA271E2A58004986C3;
					};
					D9015DD6271E2A5B004986C3 = {
						CreatedOnToolsVersion = 12.5;
						TestTargetID = D9015DBA271E2A58004986C3;
					};
				};
			};
			buildConfigurationList = D9015DB6271E2A58004986C3 /* Build configuration list for PBXProject "watch" */;
			compatibilityVersion = "Xcode 9.3";
			developmentRegion = en;
			hasScannedForEncodings = 0;
			knownRegions = (
				en,
				Base,
			);
			mainGroup = D9015DB2271E2A58004986C3;
			productRefGroup = D9015DBC271E2A58004986C3 /* Products */;
			projectDirPath = "";
			projectRoot = "";
			targets = (
				D9015DBA271E2A58004986C3 /* watch */,
				D9015DCB271E2A5B004986C3 /* watchTests */,
				D9015DD6271E2A5B004986C3 /* watchUITests */,
			);
		};
/* End PBXProject section */

/* Begin PBXResourcesBuildPhase section */
		D9015DB9271E2A58004986C3 /* Resources */ = {
			isa = PBXResourcesBuildPhase;
			buildActionMask = 2147483647;
			files = (
				D9015DC6271E2A5B004986C3 /* Preview Assets.xcassets in Resources */,
				D9015DC3271E2A5B004986C3 /* Assets.xcassets in Resources */,
			);
			runOnlyForDeploymentPostprocessing = 0;
		};
		D9015DCA271E2A5B004986C3 /* Resources */ = {
			isa = PBXResourcesBuildPhase;
			buildActionMask = 2147483647;
			files = (
			);
			runOnlyForDeploymentPostprocessing = 0;
		};
		D9015DD5271E2A5B004986C3 /* Resources */ = {
			isa = PBXResourcesBuildPhase;
			buildActionMask = 2147483647;
			files = (
			);
			runOnlyForDeploymentPostprocessing = 0;
		};
/* End PBXResourcesBuildPhase section */

/* Begin PBXSourcesBuildPhase section */
		D9015DB7271E2A58004986C3 /* Sources */ = {
			isa = PBXSourcesBuildPhase;
			buildActionMask = 2147483647;
			files = (
				D9015DC1271E2A58004986C3 /* ContentView.swift in Sources */,
				D96927FB272177F300E353B9 /* SettingsTabView.swift in Sources */,
				9560D7C32723320B006B4FF4 /* DeviceInfoView.swift in Sources */,
				9560D7C527233223006B4FF4 /* DeviceInfoModel.swift in Sources */,
				9560D7C72723323B006B4FF4 /* DeviceVM.swift in Sources */,
				950E7A88272416EA00D5012D /* BleManager.swift in Sources */,
				D9015DBF271E2A58004986C3 /* watchApp.swift in Sources */,
				950E7A8A2724185D00D5012D /* BlePeripheral.swift in Sources */,
				950E7A862724161200D5012D /* BleUUIDs.swift in Sources */,
				D96927F9272177CB00E353B9 /* DeviceTabView.swift in Sources */,
			);
			runOnlyForDeploymentPostprocessing = 0;
		};
		D9015DC8271E2A5B004986C3 /* Sources */ = {
			isa = PBXSourcesBuildPhase;
			buildActionMask = 2147483647;
			files = (
				D9015DD1271E2A5B004986C3 /* watchTests.swift in Sources */,
			);
			runOnlyForDeploymentPostprocessing = 0;
		};
		D9015DD3271E2A5B004986C3 /* Sources */ = {
			isa = PBXSourcesBuildPhase;
			buildActionMask = 2147483647;
			files = (
				D9015DDC271E2A5B004986C3 /* watchUITests.swift in Sources */,
			);
			runOnlyForDeploymentPostprocessing = 0;
		};
/* End PBXSourcesBuildPhase section */

/* Begin PBXTargetDependency section */
		D9015DCE271E2A5B004986C3 /* PBXTargetDependency */ = {
			isa = PBXTargetDependency;
			target = D9015DBA271E2A58004986C3 /* watch */;
			targetProxy = D9015DCD271E2A5B004986C3 /* PBXContainerItemProxy */;
		};
		D9015DD9271E2A5B004986C3 /* PBXTargetDependency */ = {
			isa = PBXTargetDependency;
			target = D9015DBA271E2A58004986C3 /* watch */;
			targetProxy = D9015DD8271E2A5B004986C3 /* PBXContainerItemProxy */;
		};
/* End PBXTargetDependency section */

/* Begin XCBuildConfiguration section */
		D9015DDE271E2A5B004986C3 /* Debug */ = {
			isa = XCBuildConfiguration;
			buildSettings = {
				ALWAYS_SEARCH_USER_PATHS = NO;
				CLANG_ANALYZER_NONNULL = YES;
				CLANG_ANALYZER_NUMBER_OBJECT_CONVERSION = YES_AGGRESSIVE;
				CLANG_CXX_LANGUAGE_STANDARD = "gnu++14";
				CLANG_CXX_LIBRARY = "libc++";
				CLANG_ENABLE_MODULES = YES;
				CLANG_ENABLE_OBJC_ARC = YES;
				CLANG_ENABLE_OBJC_WEAK = YES;
				CLANG_WARN_BLOCK_CAPTURE_AUTORELEASING = YES;
				CLANG_WARN_BOOL_CONVERSION = YES;
				CLANG_WARN_COMMA = YES;
				CLANG_WARN_CONSTANT_CONVERSION = YES;
				CLANG_WARN_DEPRECATED_OBJC_IMPLEMENTATIONS = YES;
				CLANG_WARN_DIRECT_OBJC_ISA_USAGE = YES_ERROR;
				CLANG_WARN_DOCUMENTATION_COMMENTS = YES;
				CLANG_WARN_EMPTY_BODY = YES;
				CLANG_WARN_ENUM_CONVERSION = YES;
				CLANG_WARN_INFINITE_RECURSION = YES;
				CLANG_WARN_INT_CONVERSION = YES;
				CLANG_WARN_NON_LITERAL_NULL_CONVERSION = YES;
				CLANG_WARN_OBJC_IMPLICIT_RETAIN_SELF = YES;
				CLANG_WARN_OBJC_LITERAL_CONVERSION = YES;
				CLANG_WARN_OBJC_ROOT_CLASS = YES_ERROR;
				CLANG_WARN_QUOTED_INCLUDE_IN_FRAMEWORK_HEADER = YES;
				CLANG_WARN_RANGE_LOOP_ANALYSIS = YES;
				CLANG_WARN_STRICT_PROTOTYPES = YES;
				CLANG_WARN_SUSPICIOUS_MOVE = YES;
				CLANG_WARN_UNGUARDED_AVAILABILITY = YES_AGGRESSIVE;
				CLANG_WARN_UNREACHABLE_CODE = YES;
				CLANG_WARN__DUPLICATE_METHOD_MATCH = YES;
				COPY_PHASE_STRIP = NO;
				DEBUG_INFORMATION_FORMAT = dwarf;
				ENABLE_STRICT_OBJC_MSGSEND = YES;
				ENABLE_TESTABILITY = YES;
				GCC_C_LANGUAGE_STANDARD = gnu11;
				GCC_DYNAMIC_NO_PIC = NO;
				GCC_NO_COMMON_BLOCKS = YES;
				GCC_OPTIMIZATION_LEVEL = 0;
				GCC_PREPROCESSOR_DEFINITIONS = (
					"DEBUG=1",
					"$(inherited)",
				);
				GCC_WARN_64_TO_32_BIT_CONVERSION = YES;
				GCC_WARN_ABOUT_RETURN_TYPE = YES_ERROR;
				GCC_WARN_UNDECLARED_SELECTOR = YES;
				GCC_WARN_UNINITIALIZED_AUTOS = YES_AGGRESSIVE;
				GCC_WARN_UNUSED_FUNCTION = YES;
				GCC_WARN_UNUSED_VARIABLE = YES;
				IPHONEOS_DEPLOYMENT_TARGET = 15.0;
				MTL_ENABLE_DEBUG_INFO = INCLUDE_SOURCE;
				MTL_FAST_MATH = YES;
				ONLY_ACTIVE_ARCH = YES;
				SDKROOT = iphoneos;
				SWIFT_ACTIVE_COMPILATION_CONDITIONS = DEBUG;
				SWIFT_OPTIMIZATION_LEVEL = "-Onone";
			};
			name = Debug;
		};
		D9015DDF271E2A5B004986C3 /* Release */ = {
			isa = XCBuildConfiguration;
			buildSettings = {
				ALWAYS_SEARCH_USER_PATHS = NO;
				CLANG_ANALYZER_NONNULL = YES;
				CLANG_ANALYZER_NUMBER_OBJECT_CONVERSION = YES_AGGRESSIVE;
				CLANG_CXX_LANGUAGE_STANDARD = "gnu++14";
				CLANG_CXX_LIBRARY = "libc++";
				CLANG_ENABLE_MODULES = YES;
				CLANG_ENABLE_OBJC_ARC = YES;
				CLANG_ENABLE_OBJC_WEAK = YES;
				CLANG_WARN_BLOCK_CAPTURE_AUTORELEASING = YES;
				CLANG_WARN_BOOL_CONVERSION = YES;
				CLANG_WARN_COMMA = YES;
				CLANG_WARN_CONSTANT_CONVERSION = YES;
				CLANG_WARN_DEPRECATED_OBJC_IMPLEMENTATIONS = YES;
				CLANG_WARN_DIRECT_OBJC_ISA_USAGE = YES_ERROR;
				CLANG_WARN_DOCUMENTATION_COMMENTS = YES;
				CLANG_WARN_EMPTY_BODY = YES;
				CLANG_WARN_ENUM_CONVERSION = YES;
				CLANG_WARN_INFINITE_RECURSION = YES;
				CLANG_WARN_INT_CONVERSION = YES;
				CLANG_WARN_NON_LITERAL_NULL_CONVERSION = YES;
				CLANG_WARN_OBJC_IMPLICIT_RETAIN_SELF = YES;
				CLANG_WARN_OBJC_LITERAL_CONVERSION = YES;
				CLANG_WARN_OBJC_ROOT_CLASS = YES_ERROR;
				CLANG_WARN_QUOTED_INCLUDE_IN_FRAMEWORK_HEADER = YES;
				CLANG_WARN_RANGE_LOOP_ANALYSIS = YES;
				CLANG_WARN_STRICT_PROTOTYPES = YES;
				CLANG_WARN_SUSPICIOUS_MOVE = YES;
				CLANG_WARN_UNGUARDED_AVAILABILITY = YES_AGGRESSIVE;
				CLANG_WARN_UNREACHABLE_CODE = YES;
				CLANG_WARN__DUPLICATE_METHOD_MATCH = YES;
				COPY_PHASE_STRIP = NO;
				DEBUG_INFORMATION_FORMAT = "dwarf-with-dsym";
				ENABLE_NS_ASSERTIONS = NO;
				ENABLE_STRICT_OBJC_MSGSEND = YES;
				GCC_C_LANGUAGE_STANDARD = gnu11;
				GCC_NO_COMMON_BLOCKS = YES;
				GCC_WARN_64_TO_32_BIT_CONVERSION = YES;
				GCC_WARN_ABOUT_RETURN_TYPE = YES_ERROR;
				GCC_WARN_UNDECLARED_SELECTOR = YES;
				GCC_WARN_UNINITIALIZED_AUTOS = YES_AGGRESSIVE;
				GCC_WARN_UNUSED_FUNCTION = YES;
				GCC_WARN_UNUSED_VARIABLE = YES;
				IPHONEOS_DEPLOYMENT_TARGET = 15.0;
				MTL_ENABLE_DEBUG_INFO = NO;
				MTL_FAST_MATH = YES;
				SDKROOT = iphoneos;
				SWIFT_COMPILATION_MODE = wholemodule;
				SWIFT_OPTIMIZATION_LEVEL = "-O";
				VALIDATE_PRODUCT = YES;
			};
			name = Release;
		};
		D9015DE1271E2A5B004986C3 /* Debug */ = {
			isa = XCBuildConfiguration;
			buildSettings = {
				ASSETCATALOG_COMPILER_APPICON_NAME = AppIcon;
				ASSETCATALOG_COMPILER_GLOBAL_ACCENT_COLOR_NAME = AccentColor;
				CODE_SIGN_STYLE = Automatic;
				DEVELOPMENT_ASSET_PATHS = "\"watch/Preview Content\"";
				DEVELOPMENT_TEAM = 7P57MGV29D;
				ENABLE_PREVIEWS = YES;
				INFOPLIST_FILE = watch/Info.plist;
				IPHONEOS_DEPLOYMENT_TARGET = 15.0;
				LD_RUNPATH_SEARCH_PATHS = (
					"$(inherited)",
					"@executable_path/Frameworks",
				);
				PRODUCT_BUNDLE_IDENTIFIER = com.madeuporg.watch;
				PRODUCT_NAME = "$(TARGET_NAME)";
				SWIFT_VERSION = 5.0;
				TARGETED_DEVICE_FAMILY = 1;
			};
			name = Debug;
		};
		D9015DE2271E2A5B004986C3 /* Release */ = {
			isa = XCBuildConfiguration;
			buildSettings = {
				ASSETCATALOG_COMPILER_APPICON_NAME = AppIcon;
				ASSETCATALOG_COMPILER_GLOBAL_ACCENT_COLOR_NAME = AccentColor;
				CODE_SIGN_STYLE = Automatic;
				DEVELOPMENT_ASSET_PATHS = "\"watch/Preview Content\"";
				DEVELOPMENT_TEAM = 7P57MGV29D;
				ENABLE_PREVIEWS = YES;
				INFOPLIST_FILE = watch/Info.plist;
				IPHONEOS_DEPLOYMENT_TARGET = 15.0;
				LD_RUNPATH_SEARCH_PATHS = (
					"$(inherited)",
					"@executable_path/Frameworks",
				);
				PRODUCT_BUNDLE_IDENTIFIER = com.madeuporg.watch;
				PRODUCT_NAME = "$(TARGET_NAME)";
				SWIFT_VERSION = 5.0;
				TARGETED_DEVICE_FAMILY = 1;
			};
			name = Release;
		};
		D9015DE4271E2A5B004986C3 /* Debug */ = {
			isa = XCBuildConfiguration;
			buildSettings = {
				ALWAYS_EMBED_SWIFT_STANDARD_LIBRARIES = YES;
				BUNDLE_LOADER = "$(TEST_HOST)";
				CODE_SIGN_STYLE = Automatic;
				DEVELOPMENT_TEAM = 7P57MGV29D;
				INFOPLIST_FILE = watchTests/Info.plist;
				IPHONEOS_DEPLOYMENT_TARGET = 15.0;
				LD_RUNPATH_SEARCH_PATHS = (
					"$(inherited)",
					"@executable_path/Frameworks",
					"@loader_path/Frameworks",
				);
				PRODUCT_BUNDLE_IDENTIFIER = org.watchTests;
				PRODUCT_NAME = "$(TARGET_NAME)";
				SWIFT_VERSION = 5.0;
				TARGETED_DEVICE_FAMILY = 1;
				TEST_HOST = "$(BUILT_PRODUCTS_DIR)/watch.app/watch";
			};
			name = Debug;
		};
		D9015DE5271E2A5B004986C3 /* Release */ = {
			isa = XCBuildConfiguration;
			buildSettings = {
				ALWAYS_EMBED_SWIFT_STANDARD_LIBRARIES = YES;
				BUNDLE_LOADER = "$(TEST_HOST)";
				CODE_SIGN_STYLE = Automatic;
				DEVELOPMENT_TEAM = 7P57MGV29D;
				INFOPLIST_FILE = watchTests/Info.plist;
				IPHONEOS_DEPLOYMENT_TARGET = 15.0;
				LD_RUNPATH_SEARCH_PATHS = (
					"$(inherited)",
					"@executable_path/Frameworks",
					"@loader_path/Frameworks",
				);
				PRODUCT_BUNDLE_IDENTIFIER = org.watchTests;
				PRODUCT_NAME = "$(TARGET_NAME)";
				SWIFT_VERSION = 5.0;
				TARGETED_DEVICE_FAMILY = 1;
				TEST_HOST = "$(BUILT_PRODUCTS_DIR)/watch.app/watch";
			};
			name = Release;
		};
		D9015DE7271E2A5B004986C3 /* Debug */ = {
			isa = XCBuildConfiguration;
			buildSettings = {
				ALWAYS_EMBED_SWIFT_STANDARD_LIBRARIES = YES;
				CODE_SIGN_STYLE = Automatic;
				DEVELOPMENT_TEAM = 7P57MGV29D;
				INFOPLIST_FILE = watchUITests/Info.plist;
				LD_RUNPATH_SEARCH_PATHS = (
					"$(inherited)",
					"@executable_path/Frameworks",
					"@loader_path/Frameworks",
				);
				PRODUCT_BUNDLE_IDENTIFIER = org.watchUITests;
				PRODUCT_NAME = "$(TARGET_NAME)";
				SWIFT_VERSION = 5.0;
				TARGETED_DEVICE_FAMILY = 1;
				TEST_TARGET_NAME = watch;
			};
			name = Debug;
		};
		D9015DE8271E2A5B004986C3 /* Release */ = {
			isa = XCBuildConfiguration;
			buildSettings = {
				ALWAYS_EMBED_SWIFT_STANDARD_LIBRARIES = YES;
				CODE_SIGN_STYLE = Automatic;
				DEVELOPMENT_TEAM = 7P57MGV29D;
				INFOPLIST_FILE = watchUITests/Info.plist;
				LD_RUNPATH_SEARCH_PATHS = (
					"$(inherited)",
					"@executable_path/Frameworks",
					"@loader_path/Frameworks",
				);
				PRODUCT_BUNDLE_IDENTIFIER = org.watchUITests;
				PRODUCT_NAME = "$(TARGET_NAME)";
				SWIFT_VERSION = 5.0;
				TARGETED_DEVICE_FAMILY = 1;
				TEST_TARGET_NAME = watch;
			};
			name = Release;
		};
/* End XCBuildConfiguration section */

/* Begin XCConfigurationList section */
		D9015DB6271E2A58004986C3 /* Build configuration list for PBXProject "watch" */ = {
			isa = XCConfigurationList;
			buildConfigurations = (
				D9015DDE271E2A5B004986C3 /* Debug */,
				D9015DDF271E2A5B004986C3 /* Release */,
			);
			defaultConfigurationIsVisible = 0;
			defaultConfigurationName = Release;
		};
		D9015DE0271E2A5B004986C3 /* Build configuration list for PBXNativeTarget "watch" */ = {
			isa = XCConfigurationList;
			buildConfigurations = (
				D9015DE1271E2A5B004986C3 /* Debug */,
				D9015DE2271E2A5B004986C3 /* Release */,
			);
			defaultConfigurationIsVisible = 0;
			defaultConfigurationName = Release;
		};
		D9015DE3271E2A5B004986C3 /* Build configuration list for PBXNativeTarget "watchTests" */ = {
			isa = XCConfigurationList;
			buildConfigurations = (
				D9015DE4271E2A5B004986C3 /* Debug */,
				D9015DE5271E2A5B004986C3 /* Release */,
			);
			defaultConfigurationIsVisible = 0;
			defaultConfigurationName = Release;
		};
		D9015DE6271E2A5B004986C3 /* Build configuration list for PBXNativeTarget "watchUITests" */ = {
			isa = XCConfigurationList;
			buildConfigurations = (
				D9015DE7271E2A5B004986C3 /* Debug */,
				D9015DE8271E2A5B004986C3 /* Release */,
			);
			defaultConfigurationIsVisible = 0;
			defaultConfigurationName = Release;
		};
/* End XCConfigurationList section */
	};
	rootObject = D9015DB3271E2A58004986C3 /* Project object */;
}
